// !$*UTF8*$!
{
	archiveVersion = 1;
	classes = {
	};
	objectVersion = 50;
	objects = {

/* Begin PBXBuildFile section */
		F3D9E89F22B984E000DE79CB /* AppDelegate.swift in Sources */ = {isa = PBXBuildFile; fileRef = F3D9E89E22B984E000DE79CB /* AppDelegate.swift */; };
		F3D9E8A122B984E000DE79CB /* ViewController.swift in Sources */ = {isa = PBXBuildFile; fileRef = F3D9E8A022B984E000DE79CB /* ViewController.swift */; };
		F3D9E8A622B984EC00DE79CB /* Assets.xcassets in Resources */ = {isa = PBXBuildFile; fileRef = F3D9E8A522B984EC00DE79CB /* Assets.xcassets */; };
		F3D9E8A922B984EC00DE79CB /* LaunchScreen.storyboard in Resources */ = {isa = PBXBuildFile; fileRef = F3D9E8A722B984EC00DE79CB /* LaunchScreen.storyboard */; };
		F3D9E8B622B99CB200DE79CB /* green-icon.png in Resources */ = {isa = PBXBuildFile; fileRef = F3D9E8B122B99CB200DE79CB /* green-icon.png */; };
		F3D9E8B722B99CB200DE79CB /* orange-icon.png in Resources */ = {isa = PBXBuildFile; fileRef = F3D9E8B222B99CB200DE79CB /* orange-icon.png */; };
		F3D9E8B822B99CB200DE79CB /* red-icon.png in Resources */ = {isa = PBXBuildFile; fileRef = F3D9E8B322B99CB200DE79CB /* red-icon.png */; };
		F3D9E8B922B99CB200DE79CB /* blue-icon.png in Resources */ = {isa = PBXBuildFile; fileRef = F3D9E8B422B99CB200DE79CB /* blue-icon.png */; };
		F3D9E8BA22B99CB200DE79CB /* yellow-icon.png in Resources */ = {isa = PBXBuildFile; fileRef = F3D9E8B522B99CB200DE79CB /* yellow-icon.png */; };
/* End PBXBuildFile section */

/* Begin PBXFileReference section */
		F3D9E89B22B984E000DE79CB /* Multiple App Icons.app */ = {isa = PBXFileReference; explicitFileType = wrapper.application; includeInIndex = 0; path = "Multiple App Icons.app"; sourceTree = BUILT_PRODUCTS_DIR; };
		F3D9E89E22B984E000DE79CB /* AppDelegate.swift */ = {isa = PBXFileReference; lastKnownFileType = sourcecode.swift; path = AppDelegate.swift; sourceTree = "<group>"; };
		F3D9E8A022B984E000DE79CB /* ViewController.swift */ = {isa = PBXFileReference; lastKnownFileType = sourcecode.swift; path = ViewController.swift; sourceTree = "<group>"; };
		F3D9E8A522B984EC00DE79CB /* Assets.xcassets */ = {isa = PBXFileReference; lastKnownFileType = folder.assetcatalog; path = Assets.xcassets; sourceTree = "<group>"; };
		F3D9E8A822B984EC00DE79CB /* Base */ = {isa = PBXFileReference; lastKnownFileType = file.storyboard; name = Base; path = Base.lproj/LaunchScreen.storyboard; sourceTree = "<group>"; };
		F3D9E8AA22B984EC00DE79CB /* Info.plist */ = {isa = PBXFileReference; lastKnownFileType = text.plist.xml; path = Info.plist; sourceTree = "<group>"; };
		F3D9E8B122B99CB200DE79CB /* green-icon.png */ = {isa = PBXFileReference; lastKnownFileType = image.png; name = "green-icon.png"; path = "Assets/App-Icons/green-icon.png"; sourceTree = SOURCE_ROOT; };
		F3D9E8B222B99CB200DE79CB /* orange-icon.png */ = {isa = PBXFileReference; lastKnownFileType = image.png; name = "orange-icon.png"; path = "Assets/App-Icons/orange-icon.png"; sourceTree = SOURCE_ROOT; };
		F3D9E8B322B99CB200DE79CB /* red-icon.png */ = {isa = PBXFileReference; lastKnownFileType = image.png; name = "red-icon.png"; path = "Assets/App-Icons/red-icon.png"; sourceTree = SOURCE_ROOT; };
		F3D9E8B422B99CB200DE79CB /* blue-icon.png */ = {isa = PBXFileReference; lastKnownFileType = image.png; name = "blue-icon.png"; path = "Assets/App-Icons/blue-icon.png"; sourceTree = SOURCE_ROOT; };
		F3D9E8B522B99CB200DE79CB /* yellow-icon.png */ = {isa = PBXFileReference; lastKnownFileType = image.png; name = "yellow-icon.png"; path = "Assets/App-Icons/yellow-icon.png"; sourceTree = SOURCE_ROOT; };
/* End PBXFileReference section */

/* Begin PBXFrameworksBuildPhase section */
		F3D9E89822B984E000DE79CB /* Frameworks */ = {
			isa = PBXFrameworksBuildPhase;
			buildActionMask = 2147483647;
			files = (
			);
			runOnlyForDeploymentPostprocessing = 0;
		};
/* End PBXFrameworksBuildPhase section */

/* Begin PBXGroup section */
		F3D9E89222B984E000DE79CB = {
			isa = PBXGroup;
			children = (
				F3D9E89D22B984E000DE79CB /* Multiple App Icons */,
				F3D9E89C22B984E000DE79CB /* Products */,
			);
			sourceTree = "<group>";
		};
		F3D9E89C22B984E000DE79CB /* Products */ = {
			isa = PBXGroup;
			children = (
				F3D9E89B22B984E000DE79CB /* Multiple App Icons.app */,
			);
			name = Products;
			sourceTree = "<group>";
		};
		F3D9E89D22B984E000DE79CB /* Multiple App Icons */ = {
			isa = PBXGroup;
			children = (
				F3D9E8B022B99C7D00DE79CB /* App Icons */,
				F3D9E89E22B984E000DE79CB /* AppDelegate.swift */,
				F3D9E8A022B984E000DE79CB /* ViewController.swift */,
				F3D9E8A522B984EC00DE79CB /* Assets.xcassets */,
				F3D9E8A722B984EC00DE79CB /* LaunchScreen.storyboard */,
				F3D9E8AA22B984EC00DE79CB /* Info.plist */,
			);
			path = "Multiple App Icons";
			sourceTree = "<group>";
		};
		F3D9E8B022B99C7D00DE79CB /* App Icons */ = {
			isa = PBXGroup;
			children = (
				F3D9E8B422B99CB200DE79CB /* blue-icon.png */,
				F3D9E8B122B99CB200DE79CB /* green-icon.png */,
				F3D9E8B222B99CB200DE79CB /* orange-icon.png */,
				F3D9E8B322B99CB200DE79CB /* red-icon.png */,
				F3D9E8B522B99CB200DE79CB /* yellow-icon.png */,
			);
			path = "App Icons";
			sourceTree = "<group>";
		};
/* End PBXGroup section */

/* Begin PBXNativeTarget section */
		F3D9E89A22B984E000DE79CB /* Multiple App Icons */ = {
			isa = PBXNativeTarget;
			buildConfigurationList = F3D9E8AD22B984EC00DE79CB /* Build configuration list for PBXNativeTarget "Multiple App Icons" */;
			buildPhases = (
				F3D9E89722B984E000DE79CB /* Sources */,
				F3D9E89822B984E000DE79CB /* Frameworks */,
				F3D9E89922B984E000DE79CB /* Resources */,
			);
			buildRules = (
			);
			dependencies = (
			);
			name = "Multiple App Icons";
			productName = "Multiple App Icons";
			productReference = F3D9E89B22B984E000DE79CB /* Multiple App Icons.app */;
			productType = "com.apple.product-type.application";
		};
/* End PBXNativeTarget section */

/* Begin PBXProject section */
		F3D9E89322B984E000DE79CB /* Project object */ = {
			isa = PBXProject;
			attributes = {
				LastSwiftUpdateCheck = 1020;
				LastUpgradeCheck = 1020;
				ORGANIZATIONNAME = "Zackary O'Connor";
				TargetAttributes = {
					F3D9E89A22B984E000DE79CB = {
						CreatedOnToolsVersion = 10.2.1;
					};
				};
			};
			buildConfigurationList = F3D9E89622B984E000DE79CB /* Build configuration list for PBXProject "Multiple App Icons" */;
			compatibilityVersion = "Xcode 9.3";
			developmentRegion = en;
			hasScannedForEncodings = 0;
			knownRegions = (
				en,
				Base,
			);
			mainGroup = F3D9E89222B984E000DE79CB;
			productRefGroup = F3D9E89C22B984E000DE79CB /* Products */;
			projectDirPath = "";
			projectRoot = "";
			targets = (
				F3D9E89A22B984E000DE79CB /* Multiple App Icons */,
			);
		};
/* End PBXProject section */

/* Begin PBXResourcesBuildPhase section */
		F3D9E89922B984E000DE79CB /* Resources */ = {
			isa = PBXResourcesBuildPhase;
			buildActionMask = 2147483647;
			files = (
				F3D9E8B722B99CB200DE79CB /* orange-icon.png in Resources */,
				F3D9E8B822B99CB200DE79CB /* red-icon.png in Resources */,
				F3D9E8A922B984EC00DE79CB /* LaunchScreen.storyboard in Resources */,
				F3D9E8A622B984EC00DE79CB /* Assets.xcassets in Resources */,
				F3D9E8B922B99CB200DE79CB /* blue-icon.png in Resources */,
				F3D9E8BA22B99CB200DE79CB /* yellow-icon.png in Resources */,
				F3D9E8B622B99CB200DE79CB /* green-icon.png in Resources */,
			);
			runOnlyForDeploymentPostprocessing = 0;
		};
/* End PBXResourcesBuildPhase section */

/* Begin PBXSourcesBuildPhase section */
		F3D9E89722B984E000DE79CB /* Sources */ = {
			isa = PBXSourcesBuildPhase;
			buildActionMask = 2147483647;
			files = (
				F3D9E8A122B984E000DE79CB /* ViewController.swift in Sources */,
				F3D9E89F22B984E000DE79CB /* AppDelegate.swift in Sources */,
			);
			runOnlyForDeploymentPostprocessing = 0;
		};
/* End PBXSourcesBuildPhase section */

/* Begin PBXVariantGroup section */
		F3D9E8A722B984EC00DE79CB /* LaunchScreen.storyboard */ = {
			isa = PBXVariantGroup;
			children = (
				F3D9E8A822B984EC00DE79CB /* Base */,
			);
			name = LaunchScreen.storyboard;
			sourceTree = "<group>";
		};
/* End PBXVariantGroup section */

/* Begin XCBuildConfiguration section */
		F3D9E8AB22B984EC00DE79CB /* Debug */ = {
			isa = XCBuildConfiguration;
			buildSettings = {
				ALWAYS_SEARCH_USER_PATHS = NO;
				CLANG_ANALYZER_NONNULL = YES;
				CLANG_ANALYZER_NUMBER_OBJECT_CONVERSION = YES_AGGRESSIVE;
				CLANG_CXX_LANGUAGE_STANDARD = "gnu++14";
				CLANG_CXX_LIBRARY = "libc++";
				CLANG_ENABLE_MODULES = YES;
				CLANG_ENABLE_OBJC_ARC = YES;
				CLANG_ENABLE_OBJC_WEAK = YES;
				CLANG_WARN_BLOCK_CAPTURE_AUTORELEASING = YES;
				CLANG_WARN_BOOL_CONVERSION = YES;
				CLANG_WARN_COMMA = YES;
				CLANG_WARN_CONSTANT_CONVERSION = YES;
				CLANG_WARN_DEPRECATED_OBJC_IMPLEMENTATIONS = YES;
				CLANG_WARN_DIRECT_OBJC_ISA_USAGE = YES_ERROR;
				CLANG_WARN_DOCUMENTATION_COMMENTS = YES;
				CLANG_WARN_EMPTY_BODY = YES;
				CLANG_WARN_ENUM_CONVERSION = YES;
				CLANG_WARN_INFINITE_RECURSION = YES;
				CLANG_WARN_INT_CONVERSION = YES;
				CLANG_WARN_NON_LITERAL_NULL_CONVERSION = YES;
				CLANG_WARN_OBJC_IMPLICIT_RETAIN_SELF = YES;
				CLANG_WARN_OBJC_LITERAL_CONVERSION = YES;
				CLANG_WARN_OBJC_ROOT_CLASS = YES_ERROR;
				CLANG_WARN_RANGE_LOOP_ANALYSIS = YES;
				CLANG_WARN_STRICT_PROTOTYPES = YES;
				CLANG_WARN_SUSPICIOUS_MOVE = YES;
				CLANG_WARN_UNGUARDED_AVAILABILITY = YES_AGGRESSIVE;
				CLANG_WARN_UNREACHABLE_CODE = YES;
				CLANG_WARN__DUPLICATE_METHOD_MATCH = YES;
				CODE_SIGN_IDENTITY = "iPhone Developer";
				COPY_PHASE_STRIP = NO;
				DEBUG_INFORMATION_FORMAT = dwarf;
				ENABLE_STRICT_OBJC_MSGSEND = YES;
				ENABLE_TESTABILITY = YES;
				GCC_C_LANGUAGE_STANDARD = gnu11;
				GCC_DYNAMIC_NO_PIC = NO;
				GCC_NO_COMMON_BLOCKS = YES;
				GCC_OPTIMIZATION_LEVEL = 0;
				GCC_PREPROCESSOR_DEFINITIONS = (
					"DEBUG=1",
					"$(inherited)",
				);
				GCC_WARN_64_TO_32_BIT_CONVERSION = YES;
				GCC_WARN_ABOUT_RETURN_TYPE = YES_ERROR;
				GCC_WARN_UNDECLARED_SELECTOR = YES;
				GCC_WARN_UNINITIALIZED_AUTOS = YES_AGGRESSIVE;
				GCC_WARN_UNUSED_FUNCTION = YES;
				GCC_WARN_UNUSED_VARIABLE = YES;
				IPHONEOS_DEPLOYMENT_TARGET = 12.2;
				MTL_ENABLE_DEBUG_INFO = INCLUDE_SOURCE;
				MTL_FAST_MATH = YES;
				ONLY_ACTIVE_ARCH = YES;
				SDKROOT = iphoneos;
				SWIFT_ACTIVE_COMPILATION_CONDITIONS = DEBUG;
				SWIFT_OPTIMIZATION_LEVEL = "-Onone";
			};
			name = Debug;
		};
		F3D9E8AC22B984EC00DE79CB /* Release */ = {
			isa = XCBuildConfiguration;
			buildSettings = {
				ALWAYS_SEARCH_USER_PATHS = NO;
				CLANG_ANALYZER_NONNULL = YES;
				CLANG_ANALYZER_NUMBER_OBJECT_CONVERSION = YES_AGGRESSIVE;
				CLANG_CXX_LANGUAGE_STANDARD = "gnu++14";
				CLANG_CXX_LIBRARY = "libc++";
				CLANG_ENABLE_MODULES = YES;
				CLANG_ENABLE_OBJC_ARC = YES;
				CLANG_ENABLE_OBJC_WEAK = YES;
				CLANG_WARN_BLOCK_CAPTURE_AUTORELEASING = YES;
				CLANG_WARN_BOOL_CONVERSION = YES;
				CLANG_WARN_COMMA = YES;
				CLANG_WARN_CONSTANT_CONVERSION = YES;
				CLANG_WARN_DEPRECATED_OBJC_IMPLEMENTATIONS = YES;
				CLANG_WARN_DIRECT_OBJC_ISA_USAGE = YES_ERROR;
				CLANG_WARN_DOCUMENTATION_COMMENTS = YES;
				CLANG_WARN_EMPTY_BODY = YES;
				CLANG_WARN_ENUM_CONVERSION = YES;
				CLANG_WARN_INFINITE_RECURSION = YES;
				CLANG_WARN_INT_CONVERSION = YES;
				CLANG_WARN_NON_LITERAL_NULL_CONVERSION = YES;
				CLANG_WARN_OBJC_IMPLICIT_RETAIN_SELF = YES;
				CLANG_WARN_OBJC_LITERAL_CONVERSION = YES;
				CLANG_WARN_OBJC_ROOT_CLASS = YES_ERROR;
				CLANG_WARN_RANGE_LOOP_ANALYSIS = YES;
				CLANG_WARN_STRICT_PROTOTYPES = YES;
				CLANG_WARN_SUSPICIOUS_MOVE = YES;
				CLANG_WARN_UNGUARDED_AVAILABILITY = YES_AGGRESSIVE;
				CLANG_WARN_UNREACHABLE_CODE = YES;
				CLANG_WARN__DUPLICATE_METHOD_MATCH = YES;
				CODE_SIGN_IDENTITY = "iPhone Developer";
				COPY_PHASE_STRIP = NO;
				DEBUG_INFORMATION_FORMAT = "dwarf-with-dsym";
				ENABLE_NS_ASSERTIONS = NO;
				ENABLE_STRICT_OBJC_MSGSEND = YES;
				GCC_C_LANGUAGE_STANDARD = gnu11;
				GCC_NO_COMMON_BLOCKS = YES;
				GCC_WARN_64_TO_32_BIT_CONVERSION = YES;
				GCC_WARN_ABOUT_RETURN_TYPE = YES_ERROR;
				GCC_WARN_UNDECLARED_SELECTOR = YES;
				GCC_WARN_UNINITIALIZED_AUTOS = YES_AGGRESSIVE;
				GCC_WARN_UNUSED_FUNCTION = YES;
				GCC_WARN_UNUSED_VARIABLE = YES;
				IPHONEOS_DEPLOYMENT_TARGET = 12.2;
				MTL_ENABLE_DEBUG_INFO = NO;
				MTL_FAST_MATH = YES;
				SDKROOT = iphoneos;
				SWIFT_COMPILATION_MODE = wholemodule;
				SWIFT_OPTIMIZATION_LEVEL = "-O";
				VALIDATE_PRODUCT = YES;
			};
			name = Release;
		};
		F3D9E8AE22B984EC00DE79CB /* Debug */ = {
			isa = XCBuildConfiguration;
			buildSettings = {
				ASSETCATALOG_COMPILER_APPICON_NAME = AppIcon;
				CODE_SIGN_STYLE = Automatic;
				DEVELOPMENT_TEAM = ZZE62SD4Y5;
				INFOPLIST_FILE = "Multiple App Icons/Info.plist";
				LD_RUNPATH_SEARCH_PATHS = (
					"$(inherited)",
					"@executable_path/Frameworks",
				);
				PRODUCT_BUNDLE_IDENTIFIER = "com.zackaryoconnor.Multiple-App-Icons";
				PRODUCT_NAME = "$(TARGET_NAME)";
				SWIFT_VERSION = 5.0;
				TARGETED_DEVICE_FAMILY = "1,2";
			};
			name = Debug;
		};
		F3D9E8AF22B984EC00DE79CB /* Release */ = {
			isa = XCBuildConfiguration;
			buildSettings = {
				ASSETCATALOG_COMPILER_APPICON_NAME = AppIcon;
				CODE_SIGN_STYLE = Automatic;
				DEVELOPMENT_TEAM = ZZE62SD4Y5;
				INFOPLIST_FILE = "Multiple App Icons/Info.plist";
				LD_RUNPATH_SEARCH_PATHS = (
					"$(inherited)",
					"@executable_path/Frameworks",
				);
				PRODUCT_BUNDLE_IDENTIFIER = "com.zackaryoconnor.Multiple-App-Icons";
				PRODUCT_NAME = "$(TARGET_NAME)";
				SWIFT_VERSION = 5.0;
				TARGETED_DEVICE_FAMILY = "1,2";
			};
			name = Release;
		};
/* End XCBuildConfiguration section */

/* Begin XCConfigurationList section */
		F3D9E89622B984E000DE79CB /* Build configuration list for PBXProject "Multiple App Icons" */ = {
			isa = XCConfigurationList;
			buildConfigurations = (
				F3D9E8AB22B984EC00DE79CB /* Debug */,
				F3D9E8AC22B984EC00DE79CB /* Release */,
			);
			defaultConfigurationIsVisible = 0;
			defaultConfigurationName = Release;
		};
		F3D9E8AD22B984EC00DE79CB /* Build configuration list for PBXNativeTarget "Multiple App Icons" */ = {
			isa = XCConfigurationList;
			buildConfigurations = (
				F3D9E8AE22B984EC00DE79CB /* Debug */,
				F3D9E8AF22B984EC00DE79CB /* Release */,
			);
			defaultConfigurationIsVisible = 0;
			defaultConfigurationName = Release;
		};
/* End XCConfigurationList section */
	};
	rootObject = F3D9E89322B984E000DE79CB /* Project object */;
}
